
Microsoft Visual Studio Solution File, Format Version 12.00
# Visual Studio Version 16
VisualStudioVersion = 16.0.29709.97
MinimumVisualStudioVersion = 10.0.40219.1
Project("{FAE04EC0-301F-11D3-BF4B-00C04F79EFBC}") = "ConsoleApp1", "ConsoleApp1\ConsoleApp1.csproj", "{BA1851E4-04FA-4468-96D8-E76C30CA90CF}"
EndProject
Global
	GlobalSection(SolutionConfigurationPlatforms) = preSolution
		Debug|Any CPU = Debug|Any CPU
		Release|Any CPU = Release|Any CPU
	EndGlobalSection
	GlobalSection(ProjectConfigurationPlatforms) = postSolution
		{BA1851E4-04FA-4468-96D8-E76C30CA90CF}.Debug|Any CPU.ActiveCfg = Debug|Any CPU
		{BA1851E4-04FA-4468-96D8-E76C30CA90CF}.Debug|Any CPU.Build.0 = Debug|Any CPU
		{BA1851E4-04FA-4468-96D8-E76C30CA90CF}.Release|Any CPU.ActiveCfg = Release|Any CPU
		{BA1851E4-04FA-4468-96D8-E76C30CA90CF}.Release|Any CPU.Build.0 = Release|Any CPU
	EndGlobalSection
	GlobalSection(SolutionProperties) = preSolution
		HideSolutionNode = FALSE
	EndGlobalSection
	GlobalSection(ExtensibilityGlobals) = postSolution
		SolutionGuid = {EB9DF553-4FB1-41FD-B832-F291BEA0E74A}
	EndGlobalSection
EndGlobal
